
Microsoft Visual Studio Solution File, Format Version 12.00
# Visual Studio Version 17
VisualStudioVersion = 17.0.31903.59
MinimumVisualStudioVersion = 10.0.40219.1
Project("{2150E333-8FDC-42A3-9474-1A3956D46DE8}") = "Server", "Server", "{DAD03CFC-D5FA-AC94-41C7-9ABAB326F09E}"
EndProject
Project("{FAE04EC0-301F-11D3-BF4B-00C04F79EFBC}") = "RepositoryContracts", "Server\RepositoryContracts\RepositoryContracts.csproj", "{B495BD38-2BD2-42DA-9758-377A878A94AC}"
EndProject
Project("{FAE04EC0-301F-11D3-BF4B-00C04F79EFBC}") = "Entities", "Server\Entities\Entities.csproj", "{E798F0C8-1B01-46E4-98FD-33AA940C1132}"
EndProject
Project("{FAE04EC0-301F-11D3-BF4B-00C04F79EFBC}") = "InMemoryRepositories", "Server\InMemoryRepositories\InMemoryRepositories.csproj", "{80F86B07-40CA-4785-8F13-AD2780DFFBE6}"
EndProject
Project("{FAE04EC0-301F-11D3-BF4B-00C04F79EFBC}") = "CLI", "Server\CLI\CLI.csproj", "{0A3F9AB5-C12F-4232-87F2-608820BC5602}"
EndProject
Project("{FAE04EC0-301F-11D3-BF4B-00C04F79EFBC}") = "FileRepositories", "Server\FileRepositories\FileRepositories.csproj", "{5765B2FC-97DC-4F18-92E7-D5FC656E46B3}"
EndProject
Project("{2150E333-8FDC-42A3-9474-1A3956D46DE8}") = "Shared", "Shared", "{4F52FD11-658E-A102-6CD3-7D7C16FFA15B}"
EndProject
Project("{FAE04EC0-301F-11D3-BF4B-00C04F79EFBC}") = "ApiContracts", "Shared\ApiContracts\ApiContracts.csproj", "{67F434B6-ED8E-4EE8-AF4A-00FDB29F51CB}"
EndProject
Project("{FAE04EC0-301F-11D3-BF4B-00C04F79EFBC}") = "WebAPI", "Server\WebAPI\WebAPI.csproj", "{111C711B-62F7-49F1-B86C-F709FB4921B2}"
EndProject
Project("{2150E333-8FDC-42A3-9474-1A3956D46DE8}") = "Client", "Client", "{2CB42F12-E813-91B3-7D11-3220E40BEF4A}"
EndProject
Project("{FAE04EC0-301F-11D3-BF4B-00C04F79EFBC}") = "BlazorApp", "Client\BlazorApp\BlazorApp.csproj", "{3F23C907-8282-4766-BD88-B2802AE58C0D}"
EndProject
Project("{FAE04EC0-301F-11D3-BF4B-00C04F79EFBC}") = "EfcRepositories", "Server\EfcRepositories\EfcRepositories.csproj", "{37516B3E-5233-410D-971F-03A484655873}"
EndProject
Global
	GlobalSection(SolutionConfigurationPlatforms) = preSolution
		Debug|Any CPU = Debug|Any CPU
		Debug|x64 = Debug|x64
		Debug|x86 = Debug|x86
		Release|Any CPU = Release|Any CPU
		Release|x64 = Release|x64
		Release|x86 = Release|x86
	EndGlobalSection
	GlobalSection(ProjectConfigurationPlatforms) = postSolution
		{B495BD38-2BD2-42DA-9758-377A878A94AC}.Debug|Any CPU.ActiveCfg = Debug|Any CPU
		{B495BD38-2BD2-42DA-9758-377A878A94AC}.Debug|Any CPU.Build.0 = Debug|Any CPU
		{B495BD38-2BD2-42DA-9758-377A878A94AC}.Debug|x64.ActiveCfg = Debug|Any CPU
		{B495BD38-2BD2-42DA-9758-377A878A94AC}.Debug|x64.Build.0 = Debug|Any CPU
		{B495BD38-2BD2-42DA-9758-377A878A94AC}.Debug|x86.ActiveCfg = Debug|Any CPU
		{B495BD38-2BD2-42DA-9758-377A878A94AC}.Debug|x86.Build.0 = Debug|Any CPU
		{B495BD38-2BD2-42DA-9758-377A878A94AC}.Release|Any CPU.ActiveCfg = Release|Any CPU
		{B495BD38-2BD2-42DA-9758-377A878A94AC}.Release|Any CPU.Build.0 = Release|Any CPU
		{B495BD38-2BD2-42DA-9758-377A878A94AC}.Release|x64.ActiveCfg = Release|Any CPU
		{B495BD38-2BD2-42DA-9758-377A878A94AC}.Release|x64.Build.0 = Release|Any CPU
		{B495BD38-2BD2-42DA-9758-377A878A94AC}.Release|x86.ActiveCfg = Release|Any CPU
		{B495BD38-2BD2-42DA-9758-377A878A94AC}.Release|x86.Build.0 = Release|Any CPU
		{E798F0C8-1B01-46E4-98FD-33AA940C1132}.Debug|Any CPU.ActiveCfg = Debug|Any CPU
		{E798F0C8-1B01-46E4-98FD-33AA940C1132}.Debug|Any CPU.Build.0 = Debug|Any CPU
		{E798F0C8-1B01-46E4-98FD-33AA940C1132}.Debug|x64.ActiveCfg = Debug|Any CPU
		{E798F0C8-1B01-46E4-98FD-33AA940C1132}.Debug|x64.Build.0 = Debug|Any CPU
		{E798F0C8-1B01-46E4-98FD-33AA940C1132}.Debug|x86.ActiveCfg = Debug|Any CPU
		{E798F0C8-1B01-46E4-98FD-33AA940C1132}.Debug|x86.Build.0 = Debug|Any CPU
		{E798F0C8-1B01-46E4-98FD-33AA940C1132}.Release|Any CPU.ActiveCfg = Release|Any CPU
		{E798F0C8-1B01-46E4-98FD-33AA940C1132}.Release|Any CPU.Build.0 = Release|Any CPU
		{E798F0C8-1B01-46E4-98FD-33AA940C1132}.Release|x64.ActiveCfg = Release|Any CPU
		{E798F0C8-1B01-46E4-98FD-33AA940C1132}.Release|x64.Build.0 = Release|Any CPU
		{E798F0C8-1B01-46E4-98FD-33AA940C1132}.Release|x86.ActiveCfg = Release|Any CPU
		{E798F0C8-1B01-46E4-98FD-33AA940C1132}.Release|x86.Build.0 = Release|Any CPU
		{80F86B07-40CA-4785-8F13-AD2780DFFBE6}.Debug|Any CPU.ActiveCfg = Debug|Any CPU
		{80F86B07-40CA-4785-8F13-AD2780DFFBE6}.Debug|Any CPU.Build.0 = Debug|Any CPU
		{80F86B07-40CA-4785-8F13-AD2780DFFBE6}.Debug|x64.ActiveCfg = Debug|Any CPU
		{80F86B07-40CA-4785-8F13-AD2780DFFBE6}.Debug|x64.Build.0 = Debug|Any CPU
		{80F86B07-40CA-4785-8F13-AD2780DFFBE6}.Debug|x86.ActiveCfg = Debug|Any CPU
		{80F86B07-40CA-4785-8F13-AD2780DFFBE6}.Debug|x86.Build.0 = Debug|Any CPU
		{80F86B07-40CA-4785-8F13-AD2780DFFBE6}.Release|Any CPU.ActiveCfg = Release|Any CPU
		{80F86B07-40CA-4785-8F13-AD2780DFFBE6}.Release|Any CPU.Build.0 = Release|Any CPU
		{80F86B07-40CA-4785-8F13-AD2780DFFBE6}.Release|x64.ActiveCfg = Release|Any CPU
		{80F86B07-40CA-4785-8F13-AD2780DFFBE6}.Release|x64.Build.0 = Release|Any CPU
		{80F86B07-40CA-4785-8F13-AD2780DFFBE6}.Release|x86.ActiveCfg = Release|Any CPU
		{80F86B07-40CA-4785-8F13-AD2780DFFBE6}.Release|x86.Build.0 = Release|Any CPU
		{0A3F9AB5-C12F-4232-87F2-608820BC5602}.Debug|Any CPU.ActiveCfg = Debug|Any CPU
		{0A3F9AB5-C12F-4232-87F2-608820BC5602}.Debug|Any CPU.Build.0 = Debug|Any CPU
		{0A3F9AB5-C12F-4232-87F2-608820BC5602}.Debug|x64.ActiveCfg = Debug|Any CPU
		{0A3F9AB5-C12F-4232-87F2-608820BC5602}.Debug|x64.Build.0 = Debug|Any CPU
		{0A3F9AB5-C12F-4232-87F2-608820BC5602}.Debug|x86.ActiveCfg = Debug|Any CPU
		{0A3F9AB5-C12F-4232-87F2-608820BC5602}.Debug|x86.Build.0 = Debug|Any CPU
		{0A3F9AB5-C12F-4232-87F2-608820BC5602}.Release|Any CPU.ActiveCfg = Release|Any CPU
		{0A3F9AB5-C12F-4232-87F2-608820BC5602}.Release|Any CPU.Build.0 = Release|Any CPU
		{0A3F9AB5-C12F-4232-87F2-608820BC5602}.Release|x64.ActiveCfg = Release|Any CPU
		{0A3F9AB5-C12F-4232-87F2-608820BC5602}.Release|x64.Build.0 = Release|Any CPU
		{0A3F9AB5-C12F-4232-87F2-608820BC5602}.Release|x86.ActiveCfg = Release|Any CPU
		{0A3F9AB5-C12F-4232-87F2-608820BC5602}.Release|x86.Build.0 = Release|Any CPU
		{5765B2FC-97DC-4F18-92E7-D5FC656E46B3}.Debug|Any CPU.ActiveCfg = Debug|Any CPU
		{5765B2FC-97DC-4F18-92E7-D5FC656E46B3}.Debug|Any CPU.Build.0 = Debug|Any CPU
		{5765B2FC-97DC-4F18-92E7-D5FC656E46B3}.Debug|x64.ActiveCfg = Debug|Any CPU
		{5765B2FC-97DC-4F18-92E7-D5FC656E46B3}.Debug|x64.Build.0 = Debug|Any CPU
		{5765B2FC-97DC-4F18-92E7-D5FC656E46B3}.Debug|x86.ActiveCfg = Debug|Any CPU
		{5765B2FC-97DC-4F18-92E7-D5FC656E46B3}.Debug|x86.Build.0 = Debug|Any CPU
		{5765B2FC-97DC-4F18-92E7-D5FC656E46B3}.Release|Any CPU.ActiveCfg = Release|Any CPU
		{5765B2FC-97DC-4F18-92E7-D5FC656E46B3}.Release|Any CPU.Build.0 = Release|Any CPU
		{5765B2FC-97DC-4F18-92E7-D5FC656E46B3}.Release|x64.ActiveCfg = Release|Any CPU
		{5765B2FC-97DC-4F18-92E7-D5FC656E46B3}.Release|x64.Build.0 = Release|Any CPU
		{5765B2FC-97DC-4F18-92E7-D5FC656E46B3}.Release|x86.ActiveCfg = Release|Any CPU
		{5765B2FC-97DC-4F18-92E7-D5FC656E46B3}.Release|x86.Build.0 = Release|Any CPU
		{67F434B6-ED8E-4EE8-AF4A-00FDB29F51CB}.Debug|Any CPU.ActiveCfg = Debug|Any CPU
		{67F434B6-ED8E-4EE8-AF4A-00FDB29F51CB}.Debug|Any CPU.Build.0 = Debug|Any CPU
		{67F434B6-ED8E-4EE8-AF4A-00FDB29F51CB}.Debug|x64.ActiveCfg = Debug|Any CPU
		{67F434B6-ED8E-4EE8-AF4A-00FDB29F51CB}.Debug|x64.Build.0 = Debug|Any CPU
		{67F434B6-ED8E-4EE8-AF4A-00FDB29F51CB}.Debug|x86.ActiveCfg = Debug|Any CPU
		{67F434B6-ED8E-4EE8-AF4A-00FDB29F51CB}.Debug|x86.Build.0 = Debug|Any CPU
		{67F434B6-ED8E-4EE8-AF4A-00FDB29F51CB}.Release|Any CPU.ActiveCfg = Release|Any CPU
		{67F434B6-ED8E-4EE8-AF4A-00FDB29F51CB}.Release|Any CPU.Build.0 = Release|Any CPU
		{67F434B6-ED8E-4EE8-AF4A-00FDB29F51CB}.Release|x64.ActiveCfg = Release|Any CPU
		{67F434B6-ED8E-4EE8-AF4A-00FDB29F51CB}.Release|x64.Build.0 = Release|Any CPU
		{67F434B6-ED8E-4EE8-AF4A-00FDB29F51CB}.Release|x86.ActiveCfg = Release|Any CPU
		{67F434B6-ED8E-4EE8-AF4A-00FDB29F51CB}.Release|x86.Build.0 = Release|Any CPU
		{111C711B-62F7-49F1-B86C-F709FB4921B2}.Debug|Any CPU.ActiveCfg = Debug|Any CPU
		{111C711B-62F7-49F1-B86C-F709FB4921B2}.Debug|Any CPU.Build.0 = Debug|Any CPU
		{111C711B-62F7-49F1-B86C-F709FB4921B2}.Debug|x64.ActiveCfg = Debug|Any CPU
		{111C711B-62F7-49F1-B86C-F709FB4921B2}.Debug|x64.Build.0 = Debug|Any CPU
		{111C711B-62F7-49F1-B86C-F709FB4921B2}.Debug|x86.ActiveCfg = Debug|Any CPU
		{111C711B-62F7-49F1-B86C-F709FB4921B2}.Debug|x86.Build.0 = Debug|Any CPU
		{111C711B-62F7-49F1-B86C-F709FB4921B2}.Release|Any CPU.ActiveCfg = Release|Any CPU
		{111C711B-62F7-49F1-B86C-F709FB4921B2}.Release|Any CPU.Build.0 = Release|Any CPU
		{111C711B-62F7-49F1-B86C-F709FB4921B2}.Release|x64.ActiveCfg = Release|Any CPU
		{111C711B-62F7-49F1-B86C-F709FB4921B2}.Release|x64.Build.0 = Release|Any CPU
		{111C711B-62F7-49F1-B86C-F709FB4921B2}.Release|x86.ActiveCfg = Release|Any CPU
		{111C711B-62F7-49F1-B86C-F709FB4921B2}.Release|x86.Build.0 = Release|Any CPU
		{3F23C907-8282-4766-BD88-B2802AE58C0D}.Debug|Any CPU.ActiveCfg = Debug|Any CPU
		{3F23C907-8282-4766-BD88-B2802AE58C0D}.Debug|Any CPU.Build.0 = Debug|Any CPU
		{3F23C907-8282-4766-BD88-B2802AE58C0D}.Debug|x64.ActiveCfg = Debug|Any CPU
		{3F23C907-8282-4766-BD88-B2802AE58C0D}.Debug|x64.Build.0 = Debug|Any CPU
		{3F23C907-8282-4766-BD88-B2802AE58C0D}.Debug|x86.ActiveCfg = Debug|Any CPU
		{3F23C907-8282-4766-BD88-B2802AE58C0D}.Debug|x86.Build.0 = Debug|Any CPU
		{3F23C907-8282-4766-BD88-B2802AE58C0D}.Release|Any CPU.ActiveCfg = Release|Any CPU
		{3F23C907-8282-4766-BD88-B2802AE58C0D}.Release|Any CPU.Build.0 = Release|Any CPU
		{3F23C907-8282-4766-BD88-B2802AE58C0D}.Release|x64.ActiveCfg = Release|Any CPU
		{3F23C907-8282-4766-BD88-B2802AE58C0D}.Release|x64.Build.0 = Release|Any CPU
		{3F23C907-8282-4766-BD88-B2802AE58C0D}.Release|x86.ActiveCfg = Release|Any CPU
		{3F23C907-8282-4766-BD88-B2802AE58C0D}.Release|x86.Build.0 = Release|Any CPU
		{37516B3E-5233-410D-971F-03A484655873}.Debug|Any CPU.ActiveCfg = Debug|Any CPU
		{37516B3E-5233-410D-971F-03A484655873}.Debug|Any CPU.Build.0 = Debug|Any CPU
		{37516B3E-5233-410D-971F-03A484655873}.Debug|x64.ActiveCfg = Debug|Any CPU
		{37516B3E-5233-410D-971F-03A484655873}.Debug|x64.Build.0 = Debug|Any CPU
		{37516B3E-5233-410D-971F-03A484655873}.Debug|x86.ActiveCfg = Debug|Any CPU
		{37516B3E-5233-410D-971F-03A484655873}.Debug|x86.Build.0 = Debug|Any CPU
		{37516B3E-5233-410D-971F-03A484655873}.Release|Any CPU.ActiveCfg = Release|Any CPU
		{37516B3E-5233-410D-971F-03A484655873}.Release|Any CPU.Build.0 = Release|Any CPU
		{37516B3E-5233-410D-971F-03A484655873}.Release|x64.ActiveCfg = Release|Any CPU
		{37516B3E-5233-410D-971F-03A484655873}.Release|x64.Build.0 = Release|Any CPU
		{37516B3E-5233-410D-971F-03A484655873}.Release|x86.ActiveCfg = Release|Any CPU
		{37516B3E-5233-410D-971F-03A484655873}.Release|x86.Build.0 = Release|Any CPU
	EndGlobalSection
	GlobalSection(SolutionProperties) = preSolution
		HideSolutionNode = FALSE
	EndGlobalSection
	GlobalSection(NestedProjects) = preSolution
		{B495BD38-2BD2-42DA-9758-377A878A94AC} = {DAD03CFC-D5FA-AC94-41C7-9ABAB326F09E}
		{E798F0C8-1B01-46E4-98FD-33AA940C1132} = {DAD03CFC-D5FA-AC94-41C7-9ABAB326F09E}
		{80F86B07-40CA-4785-8F13-AD2780DFFBE6} = {DAD03CFC-D5FA-AC94-41C7-9ABAB326F09E}
		{0A3F9AB5-C12F-4232-87F2-608820BC5602} = {DAD03CFC-D5FA-AC94-41C7-9ABAB326F09E}
		{5765B2FC-97DC-4F18-92E7-D5FC656E46B3} = {DAD03CFC-D5FA-AC94-41C7-9ABAB326F09E}
		{67F434B6-ED8E-4EE8-AF4A-00FDB29F51CB} = {4F52FD11-658E-A102-6CD3-7D7C16FFA15B}
		{111C711B-62F7-49F1-B86C-F709FB4921B2} = {DAD03CFC-D5FA-AC94-41C7-9ABAB326F09E}
		{3F23C907-8282-4766-BD88-B2802AE58C0D} = {2CB42F12-E813-91B3-7D11-3220E40BEF4A}
		{37516B3E-5233-410D-971F-03A484655873} = {DAD03CFC-D5FA-AC94-41C7-9ABAB326F09E}
	EndGlobalSection
EndGlobal
